
Microsoft Visual Studio Solution File, Format Version 12.00
# Visual Studio Version 17
VisualStudioVersion = 17.8.34408.163
MinimumVisualStudioVersion = 10.0.40219.1
Project("{9A19103F-16F7-4668-BE54-9A1E7A4F7556}") = "Ders(ConsoleApp)", "Ders(ConsoleApp)\Ders(ConsoleApp).csproj", "{EAABC4F4-78EE-4B58-AFDF-37C3CDD9A585}"
EndProject
Project("{9A19103F-16F7-4668-BE54-9A1E7A4F7556}") = "02.Ders(C#)", "02.Ders(C#)\02.Ders(C#).csproj", "{ADEA55E6-5B0A-43EE-8A4D-22770827758D}"
EndProject
Project("{9A19103F-16F7-4668-BE54-9A1E7A4F7556}") = "Home_Task_if_else_case", "Home_Task_if_else_case\Home_Task_if_else_case.csproj", "{02908069-F2EA-4FE0-A9A7-0D517A3F3364}"
EndProject
Project("{9A19103F-16F7-4668-BE54-9A1E7A4F7556}") = "bank_emeliyytlari", "bank_emeliyytlari\bank_emeliyytlari.csproj", "{088D7DC8-2DFB-4C20-8E77-F90B666BBD37}"
EndProject
Project("{9A19103F-16F7-4668-BE54-9A1E7A4F7556}") = "Menyu", "Menyu\Menyu.csproj", "{4AD216CD-15BF-4523-B2A9-B7913BEBF943}"
EndProject
Project("{9A19103F-16F7-4668-BE54-9A1E7A4F7556}") = "while", "while\while.csproj", "{A00C9329-46BF-4C01-9917-CFCDD41888DD}"
EndProject
Project("{9A19103F-16F7-4668-BE54-9A1E7A4F7556}") = "Array", "Array\Array.csproj", "{F72DED03-16C8-4BBE-A17F-2FB392DB231C}"
EndProject
Project("{9A19103F-16F7-4668-BE54-9A1E7A4F7556}") = "Method", "Method\Method.csproj", "{5EB7C3C5-08B2-4693-A028-8DC50DF3F9D9}"
EndProject
Project("{9A19103F-16F7-4668-BE54-9A1E7A4F7556}") = "OOPPractice", "OOPPractice\OOPPractice.csproj", "{112BCDCD-316C-48F7-BB09-7CEAA3E9E854}"
EndProject
Project("{9A19103F-16F7-4668-BE54-9A1E7A4F7556}") = "AreaCalculator", "AreaCalculator\AreaCalculator.csproj", "{CBAC3C67-CA2E-4980-92C5-A88D416F01BB}"
EndProject
Project("{9A19103F-16F7-4668-BE54-9A1E7A4F7556}") = "Person", "Person\Person.csproj", "{A3D159CC-0F2D-4206-8ADF-9B28C28FC9A0}"
EndProject
Project("{9A19103F-16F7-4668-BE54-9A1E7A4F7556}") = "MainProgram", "MainProgram\MainProgram.csproj", "{F910DC9B-0885-4B56-969A-1A6553A63DDF}"
EndProject
Project("{9A19103F-16F7-4668-BE54-9A1E7A4F7556}") = "İnheritance", "İnheritance\İnheritance.csproj", "{C6ED341F-9F96-44DD-A4B3-C8EA857FEE91}"
EndProject
Project("{9A19103F-16F7-4668-BE54-9A1E7A4F7556}") = "PizzaShop", "PizzaShop\PizzaShop.csproj", "{FCC5C9CD-AB01-4936-B2BB-FF990985081B}"
EndProject
Project("{9A19103F-16F7-4668-BE54-9A1E7A4F7556}") = "Electronics", "Electronic\Electronics.csproj", "{70BE589F-0A12-4673-807B-FB002DC1E027}"
EndProject
Project("{9A19103F-16F7-4668-BE54-9A1E7A4F7556}") = "Inheritance and Interface", "Inheritance and Interface\Inheritance and Interface.csproj", "{E9C701EB-D9D0-4BCB-92A9-D2DAA7AE89C2}"
EndProject
Project("{2150E333-8FDC-42A3-9474-1A3956D46DE8}") = "Polimorfizm", "Polimorfizm", "{4BC9EA28-AD29-435B-ABF8-1AD84765801D}"
EndProject
Project("{9A19103F-16F7-4668-BE54-9A1E7A4F7556}") = "Polimorfizm", "Polimorfizm\Polimorfizm.csproj", "{CBD8C843-6135-48B7-8BBD-E8F08A74B2C2}"
EndProject
Project("{2150E333-8FDC-42A3-9474-1A3956D46DE8}") = "OOPTask", "OOPTask", "{8DCA38F3-8976-4BE7-B494-BC4534FA62AA}"
EndProject
Project("{9A19103F-16F7-4668-BE54-9A1E7A4F7556}") = "OOP", "OOP\OOP.csproj", "{30A4CA7F-E59D-48C3-A194-74D752D57BFD}"
EndProject
Project("{9A19103F-16F7-4668-BE54-9A1E7A4F7556}") = "List,ArrayList", "List,ArrayList\List,ArrayList.csproj", "{A458D2A3-8F35-4B3C-9085-4CD14048FABF}"
EndProject
Project("{9A19103F-16F7-4668-BE54-9A1E7A4F7556}") = "Files", "Files\Files.csproj", "{4CDFF48E-14BE-465F-B173-696934735E09}"
EndProject
Project("{9A19103F-16F7-4668-BE54-9A1E7A4F7556}") = "file", "file\file.csproj", "{B03A027C-8711-45E0-87C8-5D535807DD78}"
EndProject
Project("{9A19103F-16F7-4668-BE54-9A1E7A4F7556}") = "File2", "File2\File2.csproj", "{E3FCEFDF-DD79-462F-BB57-672F84B5435A}"
EndProject
Project("{9A19103F-16F7-4668-BE54-9A1E7A4F7556}") = "Task", "Test\Task.csproj", "{E691B69C-B40E-4B40-9BE4-7CC41A809C85}"
EndProject
Project("{9A19103F-16F7-4668-BE54-9A1E7A4F7556}") = "GenericTask", "GenericTask\GenericTask.csproj", "{779F6213-FA5C-4902-B42B-A19424738FA9}"
EndProject
Project("{2150E333-8FDC-42A3-9474-1A3956D46DE8}") = "GenericExample", "GenericExample", "{708B7F76-6E45-476F-B898-8923BF89E078}"
EndProject
Project("{FAE04EC0-301F-11D3-BF4B-00C04F79EFBC}") = "Generic_example", "Generic_example\Generic_example.csproj", "{E23B90DB-10B7-411D-9147-39753B738C28}"
EndProject
Global
	GlobalSection(SolutionConfigurationPlatforms) = preSolution
		Debug|Any CPU = Debug|Any CPU
		Release|Any CPU = Release|Any CPU
	EndGlobalSection
	GlobalSection(ProjectConfigurationPlatforms) = postSolution
		{EAABC4F4-78EE-4B58-AFDF-37C3CDD9A585}.Debug|Any CPU.ActiveCfg = Debug|Any CPU
		{EAABC4F4-78EE-4B58-AFDF-37C3CDD9A585}.Debug|Any CPU.Build.0 = Debug|Any CPU
		{EAABC4F4-78EE-4B58-AFDF-37C3CDD9A585}.Release|Any CPU.ActiveCfg = Release|Any CPU
		{EAABC4F4-78EE-4B58-AFDF-37C3CDD9A585}.Release|Any CPU.Build.0 = Release|Any CPU
		{ADEA55E6-5B0A-43EE-8A4D-22770827758D}.Debug|Any CPU.ActiveCfg = Debug|Any CPU
		{ADEA55E6-5B0A-43EE-8A4D-22770827758D}.Debug|Any CPU.Build.0 = Debug|Any CPU
		{ADEA55E6-5B0A-43EE-8A4D-22770827758D}.Release|Any CPU.ActiveCfg = Release|Any CPU
		{ADEA55E6-5B0A-43EE-8A4D-22770827758D}.Release|Any CPU.Build.0 = Release|Any CPU
		{02908069-F2EA-4FE0-A9A7-0D517A3F3364}.Debug|Any CPU.ActiveCfg = Debug|Any CPU
		{02908069-F2EA-4FE0-A9A7-0D517A3F3364}.Debug|Any CPU.Build.0 = Debug|Any CPU
		{02908069-F2EA-4FE0-A9A7-0D517A3F3364}.Release|Any CPU.ActiveCfg = Release|Any CPU
		{02908069-F2EA-4FE0-A9A7-0D517A3F3364}.Release|Any CPU.Build.0 = Release|Any CPU
		{088D7DC8-2DFB-4C20-8E77-F90B666BBD37}.Debug|Any CPU.ActiveCfg = Debug|Any CPU
		{088D7DC8-2DFB-4C20-8E77-F90B666BBD37}.Debug|Any CPU.Build.0 = Debug|Any CPU
		{088D7DC8-2DFB-4C20-8E77-F90B666BBD37}.Release|Any CPU.ActiveCfg = Release|Any CPU
		{088D7DC8-2DFB-4C20-8E77-F90B666BBD37}.Release|Any CPU.Build.0 = Release|Any CPU
		{4AD216CD-15BF-4523-B2A9-B7913BEBF943}.Debug|Any CPU.ActiveCfg = Debug|Any CPU
		{4AD216CD-15BF-4523-B2A9-B7913BEBF943}.Debug|Any CPU.Build.0 = Debug|Any CPU
		{4AD216CD-15BF-4523-B2A9-B7913BEBF943}.Release|Any CPU.ActiveCfg = Release|Any CPU
		{4AD216CD-15BF-4523-B2A9-B7913BEBF943}.Release|Any CPU.Build.0 = Release|Any CPU
		{A00C9329-46BF-4C01-9917-CFCDD41888DD}.Debug|Any CPU.ActiveCfg = Debug|Any CPU
		{A00C9329-46BF-4C01-9917-CFCDD41888DD}.Debug|Any CPU.Build.0 = Debug|Any CPU
		{A00C9329-46BF-4C01-9917-CFCDD41888DD}.Release|Any CPU.ActiveCfg = Release|Any CPU
		{A00C9329-46BF-4C01-9917-CFCDD41888DD}.Release|Any CPU.Build.0 = Release|Any CPU
		{F72DED03-16C8-4BBE-A17F-2FB392DB231C}.Debug|Any CPU.ActiveCfg = Debug|Any CPU
		{F72DED03-16C8-4BBE-A17F-2FB392DB231C}.Debug|Any CPU.Build.0 = Debug|Any CPU
		{F72DED03-16C8-4BBE-A17F-2FB392DB231C}.Release|Any CPU.ActiveCfg = Release|Any CPU
		{F72DED03-16C8-4BBE-A17F-2FB392DB231C}.Release|Any CPU.Build.0 = Release|Any CPU
		{5EB7C3C5-08B2-4693-A028-8DC50DF3F9D9}.Debug|Any CPU.ActiveCfg = Debug|Any CPU
		{5EB7C3C5-08B2-4693-A028-8DC50DF3F9D9}.Debug|Any CPU.Build.0 = Debug|Any CPU
		{5EB7C3C5-08B2-4693-A028-8DC50DF3F9D9}.Release|Any CPU.ActiveCfg = Release|Any CPU
		{5EB7C3C5-08B2-4693-A028-8DC50DF3F9D9}.Release|Any CPU.Build.0 = Release|Any CPU
		{112BCDCD-316C-48F7-BB09-7CEAA3E9E854}.Debug|Any CPU.ActiveCfg = Debug|Any CPU
		{112BCDCD-316C-48F7-BB09-7CEAA3E9E854}.Debug|Any CPU.Build.0 = Debug|Any CPU
		{112BCDCD-316C-48F7-BB09-7CEAA3E9E854}.Release|Any CPU.ActiveCfg = Release|Any CPU
		{112BCDCD-316C-48F7-BB09-7CEAA3E9E854}.Release|Any CPU.Build.0 = Release|Any CPU
		{CBAC3C67-CA2E-4980-92C5-A88D416F01BB}.Debug|Any CPU.ActiveCfg = Debug|Any CPU
		{CBAC3C67-CA2E-4980-92C5-A88D416F01BB}.Debug|Any CPU.Build.0 = Debug|Any CPU
		{CBAC3C67-CA2E-4980-92C5-A88D416F01BB}.Release|Any CPU.ActiveCfg = Release|Any CPU
		{CBAC3C67-CA2E-4980-92C5-A88D416F01BB}.Release|Any CPU.Build.0 = Release|Any CPU
		{A3D159CC-0F2D-4206-8ADF-9B28C28FC9A0}.Debug|Any CPU.ActiveCfg = Debug|Any CPU
		{A3D159CC-0F2D-4206-8ADF-9B28C28FC9A0}.Debug|Any CPU.Build.0 = Debug|Any CPU
		{A3D159CC-0F2D-4206-8ADF-9B28C28FC9A0}.Release|Any CPU.ActiveCfg = Release|Any CPU
		{A3D159CC-0F2D-4206-8ADF-9B28C28FC9A0}.Release|Any CPU.Build.0 = Release|Any CPU
		{F910DC9B-0885-4B56-969A-1A6553A63DDF}.Debug|Any CPU.ActiveCfg = Debug|Any CPU
		{F910DC9B-0885-4B56-969A-1A6553A63DDF}.Debug|Any CPU.Build.0 = Debug|Any CPU
		{F910DC9B-0885-4B56-969A-1A6553A63DDF}.Release|Any CPU.ActiveCfg = Release|Any CPU
		{F910DC9B-0885-4B56-969A-1A6553A63DDF}.Release|Any CPU.Build.0 = Release|Any CPU
		{C6ED341F-9F96-44DD-A4B3-C8EA857FEE91}.Debug|Any CPU.ActiveCfg = Debug|Any CPU
		{C6ED341F-9F96-44DD-A4B3-C8EA857FEE91}.Debug|Any CPU.Build.0 = Debug|Any CPU
		{C6ED341F-9F96-44DD-A4B3-C8EA857FEE91}.Release|Any CPU.ActiveCfg = Release|Any CPU
		{C6ED341F-9F96-44DD-A4B3-C8EA857FEE91}.Release|Any CPU.Build.0 = Release|Any CPU
		{FCC5C9CD-AB01-4936-B2BB-FF990985081B}.Debug|Any CPU.ActiveCfg = Debug|Any CPU
		{FCC5C9CD-AB01-4936-B2BB-FF990985081B}.Debug|Any CPU.Build.0 = Debug|Any CPU
		{FCC5C9CD-AB01-4936-B2BB-FF990985081B}.Release|Any CPU.ActiveCfg = Release|Any CPU
		{FCC5C9CD-AB01-4936-B2BB-FF990985081B}.Release|Any CPU.Build.0 = Release|Any CPU
		{70BE589F-0A12-4673-807B-FB002DC1E027}.Debug|Any CPU.ActiveCfg = Debug|Any CPU
		{70BE589F-0A12-4673-807B-FB002DC1E027}.Debug|Any CPU.Build.0 = Debug|Any CPU
		{70BE589F-0A12-4673-807B-FB002DC1E027}.Release|Any CPU.ActiveCfg = Release|Any CPU
		{70BE589F-0A12-4673-807B-FB002DC1E027}.Release|Any CPU.Build.0 = Release|Any CPU
		{E9C701EB-D9D0-4BCB-92A9-D2DAA7AE89C2}.Debug|Any CPU.ActiveCfg = Debug|Any CPU
		{E9C701EB-D9D0-4BCB-92A9-D2DAA7AE89C2}.Debug|Any CPU.Build.0 = Debug|Any CPU
		{E9C701EB-D9D0-4BCB-92A9-D2DAA7AE89C2}.Release|Any CPU.ActiveCfg = Release|Any CPU
		{E9C701EB-D9D0-4BCB-92A9-D2DAA7AE89C2}.Release|Any CPU.Build.0 = Release|Any CPU
		{CBD8C843-6135-48B7-8BBD-E8F08A74B2C2}.Debug|Any CPU.ActiveCfg = Debug|Any CPU
		{CBD8C843-6135-48B7-8BBD-E8F08A74B2C2}.Debug|Any CPU.Build.0 = Debug|Any CPU
		{CBD8C843-6135-48B7-8BBD-E8F08A74B2C2}.Release|Any CPU.ActiveCfg = Release|Any CPU
		{CBD8C843-6135-48B7-8BBD-E8F08A74B2C2}.Release|Any CPU.Build.0 = Release|Any CPU
		{30A4CA7F-E59D-48C3-A194-74D752D57BFD}.Debug|Any CPU.ActiveCfg = Debug|Any CPU
		{30A4CA7F-E59D-48C3-A194-74D752D57BFD}.Debug|Any CPU.Build.0 = Debug|Any CPU
		{30A4CA7F-E59D-48C3-A194-74D752D57BFD}.Release|Any CPU.ActiveCfg = Release|Any CPU
		{30A4CA7F-E59D-48C3-A194-74D752D57BFD}.Release|Any CPU.Build.0 = Release|Any CPU
		{A458D2A3-8F35-4B3C-9085-4CD14048FABF}.Debug|Any CPU.ActiveCfg = Debug|Any CPU
		{A458D2A3-8F35-4B3C-9085-4CD14048FABF}.Debug|Any CPU.Build.0 = Debug|Any CPU
		{A458D2A3-8F35-4B3C-9085-4CD14048FABF}.Release|Any CPU.ActiveCfg = Release|Any CPU
		{A458D2A3-8F35-4B3C-9085-4CD14048FABF}.Release|Any CPU.Build.0 = Release|Any CPU
		{4CDFF48E-14BE-465F-B173-696934735E09}.Debug|Any CPU.ActiveCfg = Debug|Any CPU
		{4CDFF48E-14BE-465F-B173-696934735E09}.Debug|Any CPU.Build.0 = Debug|Any CPU
		{4CDFF48E-14BE-465F-B173-696934735E09}.Release|Any CPU.ActiveCfg = Release|Any CPU
		{4CDFF48E-14BE-465F-B173-696934735E09}.Release|Any CPU.Build.0 = Release|Any CPU
		{B03A027C-8711-45E0-87C8-5D535807DD78}.Debug|Any CPU.ActiveCfg = Debug|Any CPU
		{B03A027C-8711-45E0-87C8-5D535807DD78}.Debug|Any CPU.Build.0 = Debug|Any CPU
		{B03A027C-8711-45E0-87C8-5D535807DD78}.Release|Any CPU.ActiveCfg = Release|Any CPU
		{B03A027C-8711-45E0-87C8-5D535807DD78}.Release|Any CPU.Build.0 = Release|Any CPU
		{E3FCEFDF-DD79-462F-BB57-672F84B5435A}.Debug|Any CPU.ActiveCfg = Debug|Any CPU
		{E3FCEFDF-DD79-462F-BB57-672F84B5435A}.Debug|Any CPU.Build.0 = Debug|Any CPU
		{E3FCEFDF-DD79-462F-BB57-672F84B5435A}.Release|Any CPU.ActiveCfg = Release|Any CPU
		{E3FCEFDF-DD79-462F-BB57-672F84B5435A}.Release|Any CPU.Build.0 = Release|Any CPU
		{E691B69C-B40E-4B40-9BE4-7CC41A809C85}.Debug|Any CPU.ActiveCfg = Debug|Any CPU
		{E691B69C-B40E-4B40-9BE4-7CC41A809C85}.Debug|Any CPU.Build.0 = Debug|Any CPU
		{E691B69C-B40E-4B40-9BE4-7CC41A809C85}.Release|Any CPU.ActiveCfg = Release|Any CPU
		{E691B69C-B40E-4B40-9BE4-7CC41A809C85}.Release|Any CPU.Build.0 = Release|Any CPU
		{779F6213-FA5C-4902-B42B-A19424738FA9}.Debug|Any CPU.ActiveCfg = Debug|Any CPU
		{779F6213-FA5C-4902-B42B-A19424738FA9}.Debug|Any CPU.Build.0 = Debug|Any CPU
		{779F6213-FA5C-4902-B42B-A19424738FA9}.Release|Any CPU.ActiveCfg = Release|Any CPU
		{779F6213-FA5C-4902-B42B-A19424738FA9}.Release|Any CPU.Build.0 = Release|Any CPU
		{E23B90DB-10B7-411D-9147-39753B738C28}.Debug|Any CPU.ActiveCfg = Debug|Any CPU
		{E23B90DB-10B7-411D-9147-39753B738C28}.Debug|Any CPU.Build.0 = Debug|Any CPU
		{E23B90DB-10B7-411D-9147-39753B738C28}.Release|Any CPU.ActiveCfg = Release|Any CPU
		{E23B90DB-10B7-411D-9147-39753B738C28}.Release|Any CPU.Build.0 = Release|Any CPU
	EndGlobalSection
	GlobalSection(SolutionProperties) = preSolution
		HideSolutionNode = FALSE
	EndGlobalSection
	GlobalSection(NestedProjects) = preSolution
		{CBD8C843-6135-48B7-8BBD-E8F08A74B2C2} = {4BC9EA28-AD29-435B-ABF8-1AD84765801D}
		{30A4CA7F-E59D-48C3-A194-74D752D57BFD} = {8DCA38F3-8976-4BE7-B494-BC4534FA62AA}
		{E23B90DB-10B7-411D-9147-39753B738C28} = {708B7F76-6E45-476F-B898-8923BF89E078}
	EndGlobalSection
	GlobalSection(ExtensibilityGlobals) = postSolution
		SolutionGuid = {5C8D719D-F4D6-45B7-9F8D-920688D26FCF}
	EndGlobalSection
EndGlobal
